{
  "version": 4,
  "terraform_version": "1.5.7",
  "serial": 16,
  "lineage": "53943c5c-1a5f-5098-d535-bddd51a58617",
  "outputs": {
    "ip_address": {
      "value": [
        "147.182.209.120",
        "206.189.201.220",
        "142.93.57.41"
      ],
      "type": [
        "tuple",
        [
          "string",
          "string",
          "string"
        ]
      ]
    }
  },
  "resources": [
    {
      "mode": "managed",
      "type": "digitalocean_droplet",
      "name": "web",
      "provider": "provider[\"registry.terraform.io/digitalocean/digitalocean\"]",
      "instances": [
        {
          "index_key": 0,
          "schema_version": 1,
          "attributes": {
            "backups": false,
            "created_at": "2023-11-17T13:03:31Z",
            "disk": 60,
            "droplet_agent": null,
            "graceful_shutdown": false,
            "id": "385490539",
            "image": "ubuntu-20-04-x64",
            "ipv4_address": "147.182.209.120",
            "ipv4_address_private": "10.116.0.2",
            "ipv6": false,
            "ipv6_address": "",
            "locked": false,
            "memory": 2048,
            "monitoring": true,
            "name": "web-0",
            "price_hourly": 0.02679,
            "price_monthly": 18,
            "private_networking": true,
            "region": "nyc1",
            "resize_disk": true,
            "size": "s-2vcpu-2gb",
            "ssh_keys": [
              "40007946"
            ],
            "status": "active",
            "tags": null,
            "timeouts": null,
            "urn": "do:droplet:385490539",
            "user_data": "d0f5a3c69e9bdeb3872285fe349f12635f676876",
            "vcpus": 2,
            "volume_ids": [],
            "vpc_uuid": "3c3d37ed-d2ff-4a0a-aaab-86bbc411f3ae"
          },
          "sensitive_attributes": [],
          "private": "eyJlMmJmYjczMC1lY2FhLTExZTYtOGY4OC0zNDM2M2JjN2M0YzAiOnsiY3JlYXRlIjozNjAwMDAwMDAwMDAwLCJkZWxldGUiOjYwMDAwMDAwMDAwLCJ1cGRhdGUiOjM2MDAwMDAwMDAwMDB9LCJzY2hlbWFfdmVyc2lvbiI6IjEifQ==",
          "dependencies": [
            "digitalocean_ssh_key.ssh-droplet-key"
          ]
        },
        {
          "index_key": 1,
          "schema_version": 1,
          "attributes": {
            "backups": false,
            "created_at": "2023-11-17T13:03:32Z",
            "disk": 60,
            "droplet_agent": null,
            "graceful_shutdown": false,
            "id": "385490543",
            "image": "ubuntu-20-04-x64",
            "ipv4_address": "206.189.201.220",
            "ipv4_address_private": "10.116.0.4",
            "ipv6": false,
            "ipv6_address": "",
            "locked": false,
            "memory": 2048,
            "monitoring": true,
            "name": "web-1",
            "price_hourly": 0.02679,
            "price_monthly": 18,
            "private_networking": true,
            "region": "nyc1",
            "resize_disk": true,
            "size": "s-2vcpu-2gb",
            "ssh_keys": [
              "40007946"
            ],
            "status": "active",
            "tags": null,
            "timeouts": null,
            "urn": "do:droplet:385490543",
            "user_data": "d0f5a3c69e9bdeb3872285fe349f12635f676876",
            "vcpus": 2,
            "volume_ids": [],
            "vpc_uuid": "3c3d37ed-d2ff-4a0a-aaab-86bbc411f3ae"
          },
          "sensitive_attributes": [],
          "private": "eyJlMmJmYjczMC1lY2FhLTExZTYtOGY4OC0zNDM2M2JjN2M0YzAiOnsiY3JlYXRlIjozNjAwMDAwMDAwMDAwLCJkZWxldGUiOjYwMDAwMDAwMDAwLCJ1cGRhdGUiOjM2MDAwMDAwMDAwMDB9LCJzY2hlbWFfdmVyc2lvbiI6IjEifQ==",
          "dependencies": [
            "digitalocean_ssh_key.ssh-droplet-key"
          ]
        },
        {
          "index_key": 2,
          "schema_version": 1,
          "attributes": {
            "backups": false,
            "created_at": "2023-11-17T13:03:32Z",
            "disk": 60,
            "droplet_agent": null,
            "graceful_shutdown": false,
            "id": "385490542",
            "image": "ubuntu-20-04-x64",
            "ipv4_address": "142.93.57.41",
            "ipv4_address_private": "10.116.0.3",
            "ipv6": false,
            "ipv6_address": "",
            "locked": false,
            "memory": 2048,
            "monitoring": true,
            "name": "web-2",
            "price_hourly": 0.02679,
            "price_monthly": 18,
            "private_networking": true,
            "region": "nyc1",
            "resize_disk": true,
            "size": "s-2vcpu-2gb",
            "ssh_keys": [
              "40007946"
            ],
            "status": "active",
            "tags": null,
            "timeouts": null,
            "urn": "do:droplet:385490542",
            "user_data": "d0f5a3c69e9bdeb3872285fe349f12635f676876",
            "vcpus": 2,
            "volume_ids": [],
            "vpc_uuid": "3c3d37ed-d2ff-4a0a-aaab-86bbc411f3ae"
          },
          "sensitive_attributes": [],
          "private": "eyJlMmJmYjczMC1lY2FhLTExZTYtOGY4OC0zNDM2M2JjN2M0YzAiOnsiY3JlYXRlIjozNjAwMDAwMDAwMDAwLCJkZWxldGUiOjYwMDAwMDAwMDAwLCJ1cGRhdGUiOjM2MDAwMDAwMDAwMDB9LCJzY2hlbWFfdmVyc2lvbiI6IjEifQ==",
          "dependencies": [
            "digitalocean_ssh_key.ssh-droplet-key"
          ]
        }
      ]
    },
    {
      "mode": "managed",
      "type": "digitalocean_ssh_key",
      "name": "ssh-droplet-key",
      "provider": "provider[\"registry.terraform.io/digitalocean/digitalocean\"]",
      "instances": [
        {
          "schema_version": 0,
          "attributes": {
            "fingerprint": "ba:0a:2a:c0:1d:db:99:8d:c6:7f:6a:70:e7:dd:b5:c2",
            "id": "40007946",
            "name": "Terraform created SSH key",
            "public_key": "ssh-rsa AAAAB3NzaC1yc2EAAAADAQABAAABAQCKKq4ImuQVLjZA4Q8exL98/Nt7E4NZrFHAf8eZOxjMfYngkenN/h2Bnxo87liUfKAEbinK7R5CsGbAX13cm8fRHj08ntjWy7rKMMpzI8IvjTzgJvJxTa4NtSYSp3oOz+kyDwr375cZwwvD6/UQpHcWhetDl4HCqRiZMSXCcsJrDJdE9tsxIfDFxtvea3rdYNY4G3vsJrncJHzyvIdcIsKalP6iOoZc8ZIjK8jHkdafMh9AWrjnWjAgGBWPc850WyMfzAhzLgevF5SoLP67P8T0vWHuvoh/X0KQQ5/CD2RYZNFfMjgSVoY/yaUcdanWfUmmiNNR5ItqSdNXyP93ix6B"
          },
          "sensitive_attributes": [],
          "private": "bnVsbA=="
        }
      ]
    }
  ],
  "check_results": null
}
